
Microsoft Visual Studio Solution File, Format Version 12.00
# Visual Studio Version 17
VisualStudioVersion = 17.9.34728.123
MinimumVisualStudioVersion = 10.0.40219.1
Project("{FAE04EC0-301F-11D3-BF4B-00C04F79EFBC}") = "StatelessPlayGround", "StatelessPlayGround\StatelessPlayGround.csproj", "{54A444F7-C775-48FF-8FC4-20DB55D681FA}"
EndProject
Global
	GlobalSection(SolutionConfigurationPlatforms) = preSolution
		Debug|Any CPU = Debug|Any CPU
		Release|Any CPU = Release|Any CPU
	EndGlobalSection
	GlobalSection(ProjectConfigurationPlatforms) = postSolution
		{54A444F7-C775-48FF-8FC4-20DB55D681FA}.Debug|Any CPU.ActiveCfg = Debug|Any CPU
		{54A444F7-C775-48FF-8FC4-20DB55D681FA}.Debug|Any CPU.Build.0 = Debug|Any CPU
		{54A444F7-C775-48FF-8FC4-20DB55D681FA}.Release|Any CPU.ActiveCfg = Release|Any CPU
		{54A444F7-C775-48FF-8FC4-20DB55D681FA}.Release|Any CPU.Build.0 = Release|Any CPU
	EndGlobalSection
	GlobalSection(SolutionProperties) = preSolution
		HideSolutionNode = FALSE
	EndGlobalSection
	GlobalSection(ExtensibilityGlobals) = postSolution
		SolutionGuid = {5B65517C-232E-4841-8245-386DAB5F542A}
	EndGlobalSection
EndGlobal
